
Microsoft Visual Studio Solution File, Format Version 12.00
# Visual Studio Version 16
VisualStudioVersion = 16.0.31729.503
MinimumVisualStudioVersion = 10.0.40219.1
Project("{FAE04EC0-301F-11D3-BF4B-00C04F79EFBC}") = "DigitalStore", "DigitalStore\DigitalStore.csproj", "{9C23A049-8DF3-4211-B467-46E25408AA9F}"
EndProject
Global
	GlobalSection(SolutionConfigurationPlatforms) = preSolution
		Debug|Any CPU = Debug|Any CPU
		Release|Any CPU = Release|Any CPU
	EndGlobalSection
	GlobalSection(ProjectConfigurationPlatforms) = postSolution
		{9C23A049-8DF3-4211-B467-46E25408AA9F}.Debug|Any CPU.ActiveCfg = Debug|Any CPU
		{9C23A049-8DF3-4211-B467-46E25408AA9F}.Debug|Any CPU.Build.0 = Debug|Any CPU
		{9C23A049-8DF3-4211-B467-46E25408AA9F}.Release|Any CPU.ActiveCfg = Release|Any CPU
		{9C23A049-8DF3-4211-B467-46E25408AA9F}.Release|Any CPU.Build.0 = Release|Any CPU
	EndGlobalSection
	GlobalSection(SolutionProperties) = preSolution
		HideSolutionNode = FALSE
	EndGlobalSection
	GlobalSection(ExtensibilityGlobals) = postSolution
		SolutionGuid = {63804890-5879-4321-8934-88793C213607}
	EndGlobalSection
EndGlobal
